
Microsoft Visual Studio Solution File, Format Version 12.00
# Visual Studio Version 16
VisualStudioVersion = 16.0.29025.244
MinimumVisualStudioVersion = 10.0.40219.1
Project("{FAE04EC0-301F-11D3-BF4B-00C04F79EFBC}") = "Homework", "Homework\Homework.csproj", "{C24512FB-6177-4DDA-BB16-5B785E98DBC1}"
EndProject
Global
	GlobalSection(SolutionConfigurationPlatforms) = preSolution
		Debug|Any CPU = Debug|Any CPU
		Release|Any CPU = Release|Any CPU
	EndGlobalSection
	GlobalSection(ProjectConfigurationPlatforms) = postSolution
		{C24512FB-6177-4DDA-BB16-5B785E98DBC1}.Debug|Any CPU.ActiveCfg = Debug|Any CPU
		{C24512FB-6177-4DDA-BB16-5B785E98DBC1}.Debug|Any CPU.Build.0 = Debug|Any CPU
		{C24512FB-6177-4DDA-BB16-5B785E98DBC1}.Release|Any CPU.ActiveCfg = Release|Any CPU
		{C24512FB-6177-4DDA-BB16-5B785E98DBC1}.Release|Any CPU.Build.0 = Release|Any CPU
	EndGlobalSection
	GlobalSection(SolutionProperties) = preSolution
		HideSolutionNode = FALSE
	EndGlobalSection
	GlobalSection(ExtensibilityGlobals) = postSolution
		SolutionGuid = {FF333882-403E-4CA6-9E9A-E7382D2EC757}
	EndGlobalSection
EndGlobal
